
Microsoft Visual Studio Solution File, Format Version 12.00
# Visual Studio 15
VisualStudioVersion = 15.0.28307.438
MinimumVisualStudioVersion = 10.0.40219.1
Project("{FAE04EC0-301F-11D3-BF4B-00C04F79EFBC}") = "CAS.Android", "CAS\CAS.Android\CAS.Android.csproj", "{482CDE6F-CCAD-4A36-A5DE-941D4232B23E}"
EndProject
Project("{FAE04EC0-301F-11D3-BF4B-00C04F79EFBC}") = "CAS.iOS", "CAS\CAS.iOS\CAS.iOS.csproj", "{EC151944-68B5-45B4-8996-182DED2DA9BD}"
EndProject
Project("{FAE04EC0-301F-11D3-BF4B-00C04F79EFBC}") = "CAS", "CAS\CAS\CAS.csproj", "{9BEFC294-6C60-4FD6-970D-5F546F2C63B4}"
EndProject
Global
	GlobalSection(SolutionConfigurationPlatforms) = preSolution
		Ad-Hoc|Any CPU = Ad-Hoc|Any CPU
		Ad-Hoc|iPhone = Ad-Hoc|iPhone
		Ad-Hoc|iPhoneSimulator = Ad-Hoc|iPhoneSimulator
		AppStore|Any CPU = AppStore|Any CPU
		AppStore|iPhone = AppStore|iPhone
		AppStore|iPhoneSimulator = AppStore|iPhoneSimulator
		Debug|Any CPU = Debug|Any CPU
		Debug|iPhone = Debug|iPhone
		Debug|iPhoneSimulator = Debug|iPhoneSimulator
		Release|Any CPU = Release|Any CPU
		Release|iPhone = Release|iPhone
		Release|iPhoneSimulator = Release|iPhoneSimulator
	EndGlobalSection
	GlobalSection(ProjectConfigurationPlatforms) = postSolution
		{482CDE6F-CCAD-4A36-A5DE-941D4232B23E}.Ad-Hoc|Any CPU.ActiveCfg = Release|Any CPU
		{482CDE6F-CCAD-4A36-A5DE-941D4232B23E}.Ad-Hoc|Any CPU.Build.0 = Release|Any CPU
		{482CDE6F-CCAD-4A36-A5DE-941D4232B23E}.Ad-Hoc|Any CPU.Deploy.0 = Release|Any CPU
		{482CDE6F-CCAD-4A36-A5DE-941D4232B23E}.Ad-Hoc|iPhone.ActiveCfg = Release|Any CPU
		{482CDE6F-CCAD-4A36-A5DE-941D4232B23E}.Ad-Hoc|iPhone.Build.0 = Release|Any CPU
		{482CDE6F-CCAD-4A36-A5DE-941D4232B23E}.Ad-Hoc|iPhone.Deploy.0 = Release|Any CPU
		{482CDE6F-CCAD-4A36-A5DE-941D4232B23E}.Ad-Hoc|iPhoneSimulator.ActiveCfg = Release|Any CPU
		{482CDE6F-CCAD-4A36-A5DE-941D4232B23E}.Ad-Hoc|iPhoneSimulator.Build.0 = Release|Any CPU
		{482CDE6F-CCAD-4A36-A5DE-941D4232B23E}.Ad-Hoc|iPhoneSimulator.Deploy.0 = Release|Any CPU
		{482CDE6F-CCAD-4A36-A5DE-941D4232B23E}.AppStore|Any CPU.ActiveCfg = Release|Any CPU
		{482CDE6F-CCAD-4A36-A5DE-941D4232B23E}.AppStore|Any CPU.Build.0 = Release|Any CPU
		{482CDE6F-CCAD-4A36-A5DE-941D4232B23E}.AppStore|Any CPU.Deploy.0 = Release|Any CPU
		{482CDE6F-CCAD-4A36-A5DE-941D4232B23E}.AppStore|iPhone.ActiveCfg = Release|Any CPU
		{482CDE6F-CCAD-4A36-A5DE-941D4232B23E}.AppStore|iPhone.Build.0 = Release|Any CPU
		{482CDE6F-CCAD-4A36-A5DE-941D4232B23E}.AppStore|iPhone.Deploy.0 = Release|Any CPU
		{482CDE6F-CCAD-4A36-A5DE-941D4232B23E}.AppStore|iPhoneSimulator.ActiveCfg = Release|Any CPU
		{482CDE6F-CCAD-4A36-A5DE-941D4232B23E}.AppStore|iPhoneSimulator.Build.0 = Release|Any CPU
		{482CDE6F-CCAD-4A36-A5DE-941D4232B23E}.AppStore|iPhoneSimulator.Deploy.0 = Release|Any CPU
		{482CDE6F-CCAD-4A36-A5DE-941D4232B23E}.Debug|Any CPU.ActiveCfg = Debug|Any CPU
		{482CDE6F-CCAD-4A36-A5DE-941D4232B23E}.Debug|Any CPU.Build.0 = Debug|Any CPU
		{482CDE6F-CCAD-4A36-A5DE-941D4232B23E}.Debug|Any CPU.Deploy.0 = Debug|Any CPU
		{482CDE6F-CCAD-4A36-A5DE-941D4232B23E}.Debug|iPhone.ActiveCfg = Debug|Any CPU
		{482CDE6F-CCAD-4A36-A5DE-941D4232B23E}.Debug|iPhone.Build.0 = Debug|Any CPU
		{482CDE6F-CCAD-4A36-A5DE-941D4232B23E}.Debug|iPhone.Deploy.0 = Debug|Any CPU
		{482CDE6F-CCAD-4A36-A5DE-941D4232B23E}.Debug|iPhoneSimulator.ActiveCfg = Debug|Any CPU
		{482CDE6F-CCAD-4A36-A5DE-941D4232B23E}.Debug|iPhoneSimulator.Build.0 = Debug|Any CPU
		{482CDE6F-CCAD-4A36-A5DE-941D4232B23E}.Debug|iPhoneSimulator.Deploy.0 = Debug|Any CPU
		{482CDE6F-CCAD-4A36-A5DE-941D4232B23E}.Release|Any CPU.ActiveCfg = Release|Any CPU
		{482CDE6F-CCAD-4A36-A5DE-941D4232B23E}.Release|Any CPU.Build.0 = Release|Any CPU
		{482CDE6F-CCAD-4A36-A5DE-941D4232B23E}.Release|Any CPU.Deploy.0 = Release|Any CPU
		{482CDE6F-CCAD-4A36-A5DE-941D4232B23E}.Release|iPhone.ActiveCfg = Release|Any CPU
		{482CDE6F-CCAD-4A36-A5DE-941D4232B23E}.Release|iPhone.Build.0 = Release|Any CPU
		{482CDE6F-CCAD-4A36-A5DE-941D4232B23E}.Release|iPhone.Deploy.0 = Release|Any CPU
		{482CDE6F-CCAD-4A36-A5DE-941D4232B23E}.Release|iPhoneSimulator.ActiveCfg = Release|Any CPU
		{482CDE6F-CCAD-4A36-A5DE-941D4232B23E}.Release|iPhoneSimulator.Build.0 = Release|Any CPU
		{482CDE6F-CCAD-4A36-A5DE-941D4232B23E}.Release|iPhoneSimulator.Deploy.0 = Release|Any CPU
		{EC151944-68B5-45B4-8996-182DED2DA9BD}.Ad-Hoc|Any CPU.ActiveCfg = Ad-Hoc|iPhone
		{EC151944-68B5-45B4-8996-182DED2DA9BD}.Ad-Hoc|Any CPU.Build.0 = Ad-Hoc|iPhone
		{EC151944-68B5-45B4-8996-182DED2DA9BD}.Ad-Hoc|Any CPU.Deploy.0 = Ad-Hoc|iPhone
		{EC151944-68B5-45B4-8996-182DED2DA9BD}.Ad-Hoc|iPhone.ActiveCfg = Ad-Hoc|iPhone
		{EC151944-68B5-45B4-8996-182DED2DA9BD}.Ad-Hoc|iPhone.Build.0 = Ad-Hoc|iPhone
		{EC151944-68B5-45B4-8996-182DED2DA9BD}.Ad-Hoc|iPhone.Deploy.0 = Ad-Hoc|iPhone
		{EC151944-68B5-45B4-8996-182DED2DA9BD}.Ad-Hoc|iPhoneSimulator.ActiveCfg = Ad-Hoc|iPhoneSimulator
		{EC151944-68B5-45B4-8996-182DED2DA9BD}.Ad-Hoc|iPhoneSimulator.Build.0 = Ad-Hoc|iPhoneSimulator
		{EC151944-68B5-45B4-8996-182DED2DA9BD}.Ad-Hoc|iPhoneSimulator.Deploy.0 = Ad-Hoc|iPhoneSimulator
		{EC151944-68B5-45B4-8996-182DED2DA9BD}.AppStore|Any CPU.ActiveCfg = AppStore|iPhone
		{EC151944-68B5-45B4-8996-182DED2DA9BD}.AppStore|Any CPU.Build.0 = AppStore|iPhone
		{EC151944-68B5-45B4-8996-182DED2DA9BD}.AppStore|Any CPU.Deploy.0 = AppStore|iPhone
		{EC151944-68B5-45B4-8996-182DED2DA9BD}.AppStore|iPhone.ActiveCfg = AppStore|iPhone
		{EC151944-68B5-45B4-8996-182DED2DA9BD}.AppStore|iPhone.Build.0 = AppStore|iPhone
		{EC151944-68B5-45B4-8996-182DED2DA9BD}.AppStore|iPhone.Deploy.0 = AppStore|iPhone
		{EC151944-68B5-45B4-8996-182DED2DA9BD}.AppStore|iPhoneSimulator.ActiveCfg = AppStore|iPhoneSimulator
		{EC151944-68B5-45B4-8996-182DED2DA9BD}.AppStore|iPhoneSimulator.Build.0 = AppStore|iPhoneSimulator
		{EC151944-68B5-45B4-8996-182DED2DA9BD}.AppStore|iPhoneSimulator.Deploy.0 = AppStore|iPhoneSimulator
		{EC151944-68B5-45B4-8996-182DED2DA9BD}.Debug|Any CPU.ActiveCfg = Debug|iPhoneSimulator
		{EC151944-68B5-45B4-8996-182DED2DA9BD}.Debug|Any CPU.Build.0 = Debug|iPhoneSimulator
		{EC151944-68B5-45B4-8996-182DED2DA9BD}.Debug|Any CPU.Deploy.0 = Debug|iPhoneSimulator
		{EC151944-68B5-45B4-8996-182DED2DA9BD}.Debug|iPhone.ActiveCfg = Debug|iPhone
		{EC151944-68B5-45B4-8996-182DED2DA9BD}.Debug|iPhone.Build.0 = Debug|iPhone
		{EC151944-68B5-45B4-8996-182DED2DA9BD}.Debug|iPhone.Deploy.0 = Debug|iPhone
		{EC151944-68B5-45B4-8996-182DED2DA9BD}.Debug|iPhoneSimulator.ActiveCfg = Debug|iPhoneSimulator
		{EC151944-68B5-45B4-8996-182DED2DA9BD}.Debug|iPhoneSimulator.Build.0 = Debug|iPhoneSimulator
		{EC151944-68B5-45B4-8996-182DED2DA9BD}.Debug|iPhoneSimulator.Deploy.0 = Debug|iPhoneSimulator
		{EC151944-68B5-45B4-8996-182DED2DA9BD}.Release|Any CPU.ActiveCfg = Release|iPhone
		{EC151944-68B5-45B4-8996-182DED2DA9BD}.Release|Any CPU.Build.0 = Release|iPhone
		{EC151944-68B5-45B4-8996-182DED2DA9BD}.Release|Any CPU.Deploy.0 = Release|iPhone
		{EC151944-68B5-45B4-8996-182DED2DA9BD}.Release|iPhone.ActiveCfg = Release|iPhone
		{EC151944-68B5-45B4-8996-182DED2DA9BD}.Release|iPhone.Build.0 = Release|iPhone
		{EC151944-68B5-45B4-8996-182DED2DA9BD}.Release|iPhone.Deploy.0 = Release|iPhone
		{EC151944-68B5-45B4-8996-182DED2DA9BD}.Release|iPhoneSimulator.ActiveCfg = Release|iPhoneSimulator
		{EC151944-68B5-45B4-8996-182DED2DA9BD}.Release|iPhoneSimulator.Build.0 = Release|iPhoneSimulator
		{EC151944-68B5-45B4-8996-182DED2DA9BD}.Release|iPhoneSimulator.Deploy.0 = Release|iPhoneSimulator
		{9BEFC294-6C60-4FD6-970D-5F546F2C63B4}.Ad-Hoc|Any CPU.ActiveCfg = Debug|Any CPU
		{9BEFC294-6C60-4FD6-970D-5F546F2C63B4}.Ad-Hoc|Any CPU.Build.0 = Debug|Any CPU
		{9BEFC294-6C60-4FD6-970D-5F546F2C63B4}.Ad-Hoc|Any CPU.Deploy.0 = Debug|Any CPU
		{9BEFC294-6C60-4FD6-970D-5F546F2C63B4}.Ad-Hoc|iPhone.ActiveCfg = Debug|Any CPU
		{9BEFC294-6C60-4FD6-970D-5F546F2C63B4}.Ad-Hoc|iPhone.Build.0 = Debug|Any CPU
		{9BEFC294-6C60-4FD6-970D-5F546F2C63B4}.Ad-Hoc|iPhone.Deploy.0 = Debug|Any CPU
		{9BEFC294-6C60-4FD6-970D-5F546F2C63B4}.Ad-Hoc|iPhoneSimulator.ActiveCfg = Debug|Any CPU
		{9BEFC294-6C60-4FD6-970D-5F546F2C63B4}.Ad-Hoc|iPhoneSimulator.Build.0 = Debug|Any CPU
		{9BEFC294-6C60-4FD6-970D-5F546F2C63B4}.Ad-Hoc|iPhoneSimulator.Deploy.0 = Debug|Any CPU
		{9BEFC294-6C60-4FD6-970D-5F546F2C63B4}.AppStore|Any CPU.ActiveCfg = Debug|Any CPU
		{9BEFC294-6C60-4FD6-970D-5F546F2C63B4}.AppStore|Any CPU.Build.0 = Debug|Any CPU
		{9BEFC294-6C60-4FD6-970D-5F546F2C63B4}.AppStore|Any CPU.Deploy.0 = Debug|Any CPU
		{9BEFC294-6C60-4FD6-970D-5F546F2C63B4}.AppStore|iPhone.ActiveCfg = Debug|Any CPU
		{9BEFC294-6C60-4FD6-970D-5F546F2C63B4}.AppStore|iPhone.Build.0 = Debug|Any CPU
		{9BEFC294-6C60-4FD6-970D-5F546F2C63B4}.AppStore|iPhone.Deploy.0 = Debug|Any CPU
		{9BEFC294-6C60-4FD6-970D-5F546F2C63B4}.AppStore|iPhoneSimulator.ActiveCfg = Debug|Any CPU
		{9BEFC294-6C60-4FD6-970D-5F546F2C63B4}.AppStore|iPhoneSimulator.Build.0 = Debug|Any CPU
		{9BEFC294-6C60-4FD6-970D-5F546F2C63B4}.AppStore|iPhoneSimulator.Deploy.0 = Debug|Any CPU
		{9BEFC294-6C60-4FD6-970D-5F546F2C63B4}.Debug|Any CPU.ActiveCfg = Debug|Any CPU
		{9BEFC294-6C60-4FD6-970D-5F546F2C63B4}.Debug|Any CPU.Build.0 = Debug|Any CPU
		{9BEFC294-6C60-4FD6-970D-5F546F2C63B4}.Debug|Any CPU.Deploy.0 = Debug|Any CPU
		{9BEFC294-6C60-4FD6-970D-5F546F2C63B4}.Debug|iPhone.ActiveCfg = Debug|Any CPU
		{9BEFC294-6C60-4FD6-970D-5F546F2C63B4}.Debug|iPhone.Build.0 = Debug|Any CPU
		{9BEFC294-6C60-4FD6-970D-5F546F2C63B4}.Debug|iPhone.Deploy.0 = Debug|Any CPU
		{9BEFC294-6C60-4FD6-970D-5F546F2C63B4}.Debug|iPhoneSimulator.ActiveCfg = Debug|Any CPU
		{9BEFC294-6C60-4FD6-970D-5F546F2C63B4}.Debug|iPhoneSimulator.Build.0 = Debug|Any CPU
		{9BEFC294-6C60-4FD6-970D-5F546F2C63B4}.Debug|iPhoneSimulator.Deploy.0 = Debug|Any CPU
		{9BEFC294-6C60-4FD6-970D-5F546F2C63B4}.Release|Any CPU.ActiveCfg = Release|Any CPU
		{9BEFC294-6C60-4FD6-970D-5F546F2C63B4}.Release|Any CPU.Build.0 = Release|Any CPU
		{9BEFC294-6C60-4FD6-970D-5F546F2C63B4}.Release|Any CPU.Deploy.0 = Release|Any CPU
		{9BEFC294-6C60-4FD6-970D-5F546F2C63B4}.Release|iPhone.ActiveCfg = Release|Any CPU
		{9BEFC294-6C60-4FD6-970D-5F546F2C63B4}.Release|iPhone.Build.0 = Release|Any CPU
		{9BEFC294-6C60-4FD6-970D-5F546F2C63B4}.Release|iPhone.Deploy.0 = Release|Any CPU
		{9BEFC294-6C60-4FD6-970D-5F546F2C63B4}.Release|iPhoneSimulator.ActiveCfg = Release|Any CPU
		{9BEFC294-6C60-4FD6-970D-5F546F2C63B4}.Release|iPhoneSimulator.Build.0 = Release|Any CPU
		{9BEFC294-6C60-4FD6-970D-5F546F2C63B4}.Release|iPhoneSimulator.Deploy.0 = Release|Any CPU
	EndGlobalSection
	GlobalSection(SolutionProperties) = preSolution
		HideSolutionNode = FALSE
	EndGlobalSection
	GlobalSection(ExtensibilityGlobals) = postSolution
		SolutionGuid = {D8C4A711-2EA6-4B72-9A37-80C8FD918369}
	EndGlobalSection
EndGlobal
